
Microsoft Visual Studio Solution File, Format Version 12.00
# Visual Studio Version 17
VisualStudioVersion = 17.11.35327.3
MinimumVisualStudioVersion = 10.0.40219.1
Project("{888888A0-9F3D-457C-B088-3A5042F75D52}") = "zestaw 2", "zestaw 2\zestaw 2.pyproj", "{23C69750-5EA3-424B-BC30-F0F3AEE02817}"
EndProject
Global
	GlobalSection(SolutionConfigurationPlatforms) = preSolution
		Debug|Any CPU = Debug|Any CPU
		Release|Any CPU = Release|Any CPU
	EndGlobalSection
	GlobalSection(ProjectConfigurationPlatforms) = postSolution
		{23C69750-5EA3-424B-BC30-F0F3AEE02817}.Debug|Any CPU.ActiveCfg = Debug|Any CPU
		{23C69750-5EA3-424B-BC30-F0F3AEE02817}.Release|Any CPU.ActiveCfg = Release|Any CPU
	EndGlobalSection
	GlobalSection(SolutionProperties) = preSolution
		HideSolutionNode = FALSE
	EndGlobalSection
	GlobalSection(ExtensibilityGlobals) = postSolution
		SolutionGuid = {9C65663C-4E1F-45E2-B3B9-694592531A8F}
	EndGlobalSection
EndGlobal
