
Microsoft Visual Studio Solution File, Format Version 12.00
# Visual Studio Version 17
VisualStudioVersion = 17.11.35327.3
MinimumVisualStudioVersion = 10.0.40219.1
Project("{888888A0-9F3D-457C-B088-3A5042F75D52}") = "zestaw1KopiaGit", "zestaw1KopiaGit\zestaw1KopiaGit.pyproj", "{47E8F8AE-C174-42B3-A1CE-E8199FA97D7C}"
EndProject
Global
	GlobalSection(SolutionConfigurationPlatforms) = preSolution
		Debug|Any CPU = Debug|Any CPU
		Release|Any CPU = Release|Any CPU
	EndGlobalSection
	GlobalSection(ProjectConfigurationPlatforms) = postSolution
		{47E8F8AE-C174-42B3-A1CE-E8199FA97D7C}.Debug|Any CPU.ActiveCfg = Debug|Any CPU
		{47E8F8AE-C174-42B3-A1CE-E8199FA97D7C}.Release|Any CPU.ActiveCfg = Release|Any CPU
	EndGlobalSection
	GlobalSection(SolutionProperties) = preSolution
		HideSolutionNode = FALSE
	EndGlobalSection
	GlobalSection(ExtensibilityGlobals) = postSolution
		SolutionGuid = {4E2826B0-A5F8-459C-9107-B6B4DCE2B989}
	EndGlobalSection
EndGlobal
